// !$*UTF8*$!
{
	archiveVersion = 1;
	classes = {
	};
	objectVersion = 50;
	objects = {

/* Begin PBXBuildFile section */
		4FE7BA5027C095430021C8CE /* AppDelegate.swift in Sources */ = {isa = PBXBuildFile; fileRef = 4FE7BA4F27C095430021C8CE /* AppDelegate.swift */; };
		4FE7BA5927C0954C0021C8CE /* Assets.xcassets in Resources */ = {isa = PBXBuildFile; fileRef = 4FE7BA5827C0954C0021C8CE /* Assets.xcassets */; };
		4FE7BA5C27C0954C0021C8CE /* LaunchScreen.storyboard in Resources */ = {isa = PBXBuildFile; fileRef = 4FE7BA5A27C0954C0021C8CE /* LaunchScreen.storyboard */; };
		4FE7BA7227C0954D0021C8CE /* CryptoAppUITests.swift in Sources */ = {isa = PBXBuildFile; fileRef = 4FE7BA7127C0954D0021C8CE /* CryptoAppUITests.swift */; };
		4FE7BA8F27C0A4090021C8CE /* HomeScreen.storyboard in Resources */ = {isa = PBXBuildFile; fileRef = 4FE7BA8E27C0A4090021C8CE /* HomeScreen.storyboard */; };
		4FE7BA9427C0A4830021C8CE /* HomeViewController.swift in Sources */ = {isa = PBXBuildFile; fileRef = 4FE7BA9327C0A4830021C8CE /* HomeViewController.swift */; };
		4FE7BA9B27C0A7D20021C8CE /* MarketDataModel.swift in Sources */ = {isa = PBXBuildFile; fileRef = 4FE7BA9A27C0A7D20021C8CE /* MarketDataModel.swift */; };
		4FE7BAA527C0AF650021C8CE /* CryptoTableViewCell.swift in Sources */ = {isa = PBXBuildFile; fileRef = 4FE7BAA427C0AF650021C8CE /* CryptoTableViewCell.swift */; };
		4FE7BAAA27C0B0EE0021C8CE /* CryptoViewModel.swift in Sources */ = {isa = PBXBuildFile; fileRef = 4FE7BAA927C0B0EE0021C8CE /* CryptoViewModel.swift */; };
		4FE7BAD827C0E83C0021C8CE /* DefaultMarketRepository.swift in Sources */ = {isa = PBXBuildFile; fileRef = 4FE7BAD727C0E83C0021C8CE /* DefaultMarketRepository.swift */; };
		4FE7BAEC27C0F8A60021C8CE /* APIEndpoints.swift in Sources */ = {isa = PBXBuildFile; fileRef = 4FE7BAEB27C0F8A60021C8CE /* APIEndpoints.swift */; };
		4FE7BB3F27C10A5E0021C8CE /* CryptoTableViewCell.swift in Resources */ = {isa = PBXBuildFile; fileRef = 4FE7BAA427C0AF650021C8CE /* CryptoTableViewCell.swift */; };
		4FE7BB6B27C110EF0021C8CE /* CryptoTableViewCell.xib in Resources */ = {isa = PBXBuildFile; fileRef = 4FE7BB6A27C110EF0021C8CE /* CryptoTableViewCell.xib */; };
		4FE7BB7027C12A320021C8CE /* Constant.swift in Sources */ = {isa = PBXBuildFile; fileRef = 4FE7BB6F27C12A320021C8CE /* Constant.swift */; };
		4FE7BB7927C1337B0021C8CE /* MainFlowCoordinator.swift in Sources */ = {isa = PBXBuildFile; fileRef = 4FE7BB7827C1337B0021C8CE /* MainFlowCoordinator.swift */; };
		4FE7BB8127C1353D0021C8CE /* Module.swift in Sources */ = {isa = PBXBuildFile; fileRef = 4FE7BB8027C1353D0021C8CE /* Module.swift */; };
		4FE7BB8D27C15D710021C8CE /* NetworkConfig.swift in Sources */ = {isa = PBXBuildFile; fileRef = 4FE7BB8C27C15D710021C8CE /* NetworkConfig.swift */; };
		4FE7BB9527C15EC10021C8CE /* NetworkService.swift in Sources */ = {isa = PBXBuildFile; fileRef = 4FE7BB9427C15EC10021C8CE /* NetworkService.swift */; };
		4FE7BB9A27C15FA00021C8CE /* DataTransferService.swift in Sources */ = {isa = PBXBuildFile; fileRef = 4FE7BB9927C15FA00021C8CE /* DataTransferService.swift */; };
		4FE7BB9F27C160170021C8CE /* Endpoint.swift in Sources */ = {isa = PBXBuildFile; fileRef = 4FE7BB9E27C160170021C8CE /* Endpoint.swift */; };
		4FE7BBA427C166D00021C8CE /* DIContainer.swift in Sources */ = {isa = PBXBuildFile; fileRef = 4FE7BBA327C166D00021C8CE /* DIContainer.swift */; };
		4FE7BBAE27C16E910021C8CE /* MareketUsecase.swift in Sources */ = {isa = PBXBuildFile; fileRef = 4FE7BBAD27C16E910021C8CE /* MareketUsecase.swift */; };
		4FE7BBB327C16ECA0021C8CE /* MarketRepository.swift in Sources */ = {isa = PBXBuildFile; fileRef = 4FE7BBB227C16ECA0021C8CE /* MarketRepository.swift */; };
		4FE7BBC227C17E8A0021C8CE /* String+Extenstion.swift in Sources */ = {isa = PBXBuildFile; fileRef = 4FE7BBC127C17E8A0021C8CE /* String+Extenstion.swift */; };
		4FE7BBCC27C24A700021C8CE /* MockDataTransferService.swift in Sources */ = {isa = PBXBuildFile; fileRef = 4FE7BBCB27C24A700021C8CE /* MockDataTransferService.swift */; };
		4FE7BBD127C24E9F0021C8CE /* MarketRepositoryTests.swift in Sources */ = {isa = PBXBuildFile; fileRef = 4FE7BBD027C24E9F0021C8CE /* MarketRepositoryTests.swift */; };
		4FE7BBD627C257ED0021C8CE /* MarketUsecaseTests.swift in Sources */ = {isa = PBXBuildFile; fileRef = 4FE7BBD527C257ED0021C8CE /* MarketUsecaseTests.swift */; };
		4FE7BBDB27C258FB0021C8CE /* CryptoViewModelTests.swift in Sources */ = {isa = PBXBuildFile; fileRef = 4FE7BBDA27C258FB0021C8CE /* CryptoViewModelTests.swift */; };
		4FE7BBE927C2687C0021C8CE /* UIViewController+Extension.swift in Sources */ = {isa = PBXBuildFile; fileRef = 4FE7BBE827C2687C0021C8CE /* UIViewController+Extension.swift */; };
		4FE7BBEF27C274450021C8CE /* DefaultDataTransferService.swift in Sources */ = {isa = PBXBuildFile; fileRef = 4FE7BBEE27C274450021C8CE /* DefaultDataTransferService.swift */; };
/* End PBXBuildFile section */

/* Begin PBXContainerItemProxy section */
		4FE7BA6327C0954D0021C8CE /* PBXContainerItemProxy */ = {
			isa = PBXContainerItemProxy;
			containerPortal = 4FE7BA4427C095430021C8CE /* Project object */;
			proxyType = 1;
			remoteGlobalIDString = 4FE7BA4B27C095430021C8CE;
			remoteInfo = CryptoApp;
		};
		4FE7BA6E27C0954D0021C8CE /* PBXContainerItemProxy */ = {
			isa = PBXContainerItemProxy;
			containerPortal = 4FE7BA4427C095430021C8CE /* Project object */;
			proxyType = 1;
			remoteGlobalIDString = 4FE7BA4B27C095430021C8CE;
			remoteInfo = CryptoApp;
		};
/* End PBXContainerItemProxy section */

/* Begin PBXFileReference section */
		4FE7BA4C27C095430021C8CE /* CryptoApp.app */ = {isa = PBXFileReference; explicitFileType = wrapper.application; includeInIndex = 0; path = CryptoApp.app; sourceTree = BUILT_PRODUCTS_DIR; };
		4FE7BA4F27C095430021C8CE /* AppDelegate.swift */ = {isa = PBXFileReference; lastKnownFileType = sourcecode.swift; path = AppDelegate.swift; sourceTree = "<group>"; };
		4FE7BA5827C0954C0021C8CE /* Assets.xcassets */ = {isa = PBXFileReference; lastKnownFileType = folder.assetcatalog; path = Assets.xcassets; sourceTree = "<group>"; };
		4FE7BA5B27C0954C0021C8CE /* Base */ = {isa = PBXFileReference; lastKnownFileType = file.storyboard; name = Base; path = Base.lproj/LaunchScreen.storyboard; sourceTree = "<group>"; };
		4FE7BA5D27C0954C0021C8CE /* Info.plist */ = {isa = PBXFileReference; lastKnownFileType = text.plist.xml; path = Info.plist; sourceTree = "<group>"; };
		4FE7BA6227C0954D0021C8CE /* CryptoAppTests.xctest */ = {isa = PBXFileReference; explicitFileType = wrapper.cfbundle; includeInIndex = 0; path = CryptoAppTests.xctest; sourceTree = BUILT_PRODUCTS_DIR; };
		4FE7BA6827C0954D0021C8CE /* Info.plist */ = {isa = PBXFileReference; lastKnownFileType = text.plist.xml; path = Info.plist; sourceTree = "<group>"; };
		4FE7BA6D27C0954D0021C8CE /* CryptoAppUITests.xctest */ = {isa = PBXFileReference; explicitFileType = wrapper.cfbundle; includeInIndex = 0; path = CryptoAppUITests.xctest; sourceTree = BUILT_PRODUCTS_DIR; };
		4FE7BA7127C0954D0021C8CE /* CryptoAppUITests.swift */ = {isa = PBXFileReference; lastKnownFileType = sourcecode.swift; path = CryptoAppUITests.swift; sourceTree = "<group>"; };
		4FE7BA7327C0954D0021C8CE /* Info.plist */ = {isa = PBXFileReference; lastKnownFileType = text.plist.xml; path = Info.plist; sourceTree = "<group>"; };
		4FE7BA8E27C0A4090021C8CE /* HomeScreen.storyboard */ = {isa = PBXFileReference; lastKnownFileType = file.storyboard; path = HomeScreen.storyboard; sourceTree = "<group>"; };
		4FE7BA9327C0A4830021C8CE /* HomeViewController.swift */ = {isa = PBXFileReference; lastKnownFileType = sourcecode.swift; path = HomeViewController.swift; sourceTree = "<group>"; };
		4FE7BA9A27C0A7D20021C8CE /* MarketDataModel.swift */ = {isa = PBXFileReference; lastKnownFileType = sourcecode.swift; path = MarketDataModel.swift; sourceTree = "<group>"; };
		4FE7BAA427C0AF650021C8CE /* CryptoTableViewCell.swift */ = {isa = PBXFileReference; lastKnownFileType = sourcecode.swift; path = CryptoTableViewCell.swift; sourceTree = "<group>"; };
		4FE7BAA927C0B0EE0021C8CE /* CryptoViewModel.swift */ = {isa = PBXFileReference; lastKnownFileType = sourcecode.swift; path = CryptoViewModel.swift; sourceTree = "<group>"; };
		4FE7BAD727C0E83C0021C8CE /* DefaultMarketRepository.swift */ = {isa = PBXFileReference; lastKnownFileType = sourcecode.swift; path = DefaultMarketRepository.swift; sourceTree = "<group>"; };
		4FE7BAEB27C0F8A60021C8CE /* APIEndpoints.swift */ = {isa = PBXFileReference; lastKnownFileType = sourcecode.swift; path = APIEndpoints.swift; sourceTree = "<group>"; };
		4FE7BB6A27C110EF0021C8CE /* CryptoTableViewCell.xib */ = {isa = PBXFileReference; lastKnownFileType = file.xib; path = CryptoTableViewCell.xib; sourceTree = "<group>"; };
		4FE7BB6F27C12A320021C8CE /* Constant.swift */ = {isa = PBXFileReference; lastKnownFileType = sourcecode.swift; path = Constant.swift; sourceTree = "<group>"; };
		4FE7BB7827C1337B0021C8CE /* MainFlowCoordinator.swift */ = {isa = PBXFileReference; lastKnownFileType = sourcecode.swift; path = MainFlowCoordinator.swift; sourceTree = "<group>"; };
		4FE7BB8027C1353D0021C8CE /* Module.swift */ = {isa = PBXFileReference; lastKnownFileType = sourcecode.swift; path = Module.swift; sourceTree = "<group>"; };
		4FE7BB8C27C15D710021C8CE /* NetworkConfig.swift */ = {isa = PBXFileReference; lastKnownFileType = sourcecode.swift; path = NetworkConfig.swift; sourceTree = "<group>"; };
		4FE7BB9427C15EC10021C8CE /* NetworkService.swift */ = {isa = PBXFileReference; lastKnownFileType = sourcecode.swift; path = NetworkService.swift; sourceTree = "<group>"; };
		4FE7BB9927C15FA00021C8CE /* DataTransferService.swift */ = {isa = PBXFileReference; lastKnownFileType = sourcecode.swift; path = DataTransferService.swift; sourceTree = "<group>"; };
		4FE7BB9E27C160170021C8CE /* Endpoint.swift */ = {isa = PBXFileReference; lastKnownFileType = sourcecode.swift; path = Endpoint.swift; sourceTree = "<group>"; };
		4FE7BBA327C166D00021C8CE /* DIContainer.swift */ = {isa = PBXFileReference; lastKnownFileType = sourcecode.swift; path = DIContainer.swift; sourceTree = "<group>"; };
		4FE7BBAD27C16E910021C8CE /* MareketUsecase.swift */ = {isa = PBXFileReference; lastKnownFileType = sourcecode.swift; path = MareketUsecase.swift; sourceTree = "<group>"; };
		4FE7BBB227C16ECA0021C8CE /* MarketRepository.swift */ = {isa = PBXFileReference; lastKnownFileType = sourcecode.swift; path = MarketRepository.swift; sourceTree = "<group>"; };
		4FE7BBC127C17E8A0021C8CE /* String+Extenstion.swift */ = {isa = PBXFileReference; lastKnownFileType = sourcecode.swift; path = "String+Extenstion.swift"; sourceTree = "<group>"; };
		4FE7BBCB27C24A700021C8CE /* MockDataTransferService.swift */ = {isa = PBXFileReference; lastKnownFileType = sourcecode.swift; path = MockDataTransferService.swift; sourceTree = "<group>"; };
		4FE7BBD027C24E9F0021C8CE /* MarketRepositoryTests.swift */ = {isa = PBXFileReference; lastKnownFileType = sourcecode.swift; path = MarketRepositoryTests.swift; sourceTree = "<group>"; };
		4FE7BBD527C257ED0021C8CE /* MarketUsecaseTests.swift */ = {isa = PBXFileReference; lastKnownFileType = sourcecode.swift; path = MarketUsecaseTests.swift; sourceTree = "<group>"; };
		4FE7BBDA27C258FB0021C8CE /* CryptoViewModelTests.swift */ = {isa = PBXFileReference; lastKnownFileType = sourcecode.swift; path = CryptoViewModelTests.swift; sourceTree = "<group>"; };
		4FE7BBE827C2687C0021C8CE /* UIViewController+Extension.swift */ = {isa = PBXFileReference; lastKnownFileType = sourcecode.swift; path = "UIViewController+Extension.swift"; sourceTree = "<group>"; };
		4FE7BBEE27C274450021C8CE /* DefaultDataTransferService.swift */ = {isa = PBXFileReference; lastKnownFileType = sourcecode.swift; path = DefaultDataTransferService.swift; sourceTree = "<group>"; };
/* End PBXFileReference section */

/* Begin PBXFrameworksBuildPhase section */
		4FE7BA4927C095430021C8CE /* Frameworks */ = {
			isa = PBXFrameworksBuildPhase;
			buildActionMask = 2147483647;
			files = (
			);
			runOnlyForDeploymentPostprocessing = 0;
		};
		4FE7BA5F27C0954D0021C8CE /* Frameworks */ = {
			isa = PBXFrameworksBuildPhase;
			buildActionMask = 2147483647;
			files = (
			);
			runOnlyForDeploymentPostprocessing = 0;
		};
		4FE7BA6A27C0954D0021C8CE /* Frameworks */ = {
			isa = PBXFrameworksBuildPhase;
			buildActionMask = 2147483647;
			files = (
			);
			runOnlyForDeploymentPostprocessing = 0;
		};
/* End PBXFrameworksBuildPhase section */

/* Begin PBXGroup section */
		4FE7BA4327C095430021C8CE = {
			isa = PBXGroup;
			children = (
				4FE7BA4E27C095430021C8CE /* CryptoApp */,
				4FE7BA6527C0954D0021C8CE /* CryptoAppTests */,
				4FE7BA7027C0954D0021C8CE /* CryptoAppUITests */,
				4FE7BA4D27C095430021C8CE /* Products */,
			);
			sourceTree = "<group>";
		};
		4FE7BA4D27C095430021C8CE /* Products */ = {
			isa = PBXGroup;
			children = (
				4FE7BA4C27C095430021C8CE /* CryptoApp.app */,
				4FE7BA6227C0954D0021C8CE /* CryptoAppTests.xctest */,
				4FE7BA6D27C0954D0021C8CE /* CryptoAppUITests.xctest */,
			);
			name = Products;
			sourceTree = "<group>";
		};
		4FE7BA4E27C095430021C8CE /* CryptoApp */ = {
			isa = PBXGroup;
			children = (
				4FE7BBED27C273EC0021C8CE /* Networking */,
				4FE7BBC027C17E670021C8CE /* Common */,
				4FE7BB8B27C14FBD0021C8CE /* Presentation */,
				4FE7BB8727C14F500021C8CE /* Data */,
				4FE7BA9827C0A7190021C8CE /* Domain */,
				4FE7BB8527C14EF90021C8CE /* Infrastructure */,
				4FE7BB7727C132FA0021C8CE /* Application */,
				4FE7BA5827C0954C0021C8CE /* Assets.xcassets */,
				4FE7BA5D27C0954C0021C8CE /* Info.plist */,
			);
			path = CryptoApp;
			sourceTree = "<group>";
		};
		4FE7BA6527C0954D0021C8CE /* CryptoAppTests */ = {
			isa = PBXGroup;
			children = (
				4FE7BA6827C0954D0021C8CE /* Info.plist */,
				4FE7BBCB27C24A700021C8CE /* MockDataTransferService.swift */,
				4FE7BBD027C24E9F0021C8CE /* MarketRepositoryTests.swift */,
				4FE7BBD527C257ED0021C8CE /* MarketUsecaseTests.swift */,
				4FE7BBDA27C258FB0021C8CE /* CryptoViewModelTests.swift */,
			);
			path = CryptoAppTests;
			sourceTree = "<group>";
		};
		4FE7BA7027C0954D0021C8CE /* CryptoAppUITests */ = {
			isa = PBXGroup;
			children = (
				4FE7BA7127C0954D0021C8CE /* CryptoAppUITests.swift */,
				4FE7BA7327C0954D0021C8CE /* Info.plist */,
			);
			path = CryptoAppUITests;
			sourceTree = "<group>";
		};
		4FE7BA9827C0A7190021C8CE /* Domain */ = {
			isa = PBXGroup;
			children = (
				4FE7BA9927C0A76F0021C8CE /* Entities */,
				4FE7BBA827C16DE40021C8CE /* Interface */,
				4FE7BB8A27C14F9B0021C8CE /* Usecase */,
			);
			path = Domain;
			sourceTree = "<group>";
		};
		4FE7BA9927C0A76F0021C8CE /* Entities */ = {
			isa = PBXGroup;
			children = (
				4FE7BA9A27C0A7D20021C8CE /* MarketDataModel.swift */,
			);
			path = Entities;
			sourceTree = "<group>";
		};
		4FE7BAA227C0AEEA0021C8CE /* View */ = {
			isa = PBXGroup;
			children = (
				4FE7BA9327C0A4830021C8CE /* HomeViewController.swift */,
				4FE7BA8E27C0A4090021C8CE /* HomeScreen.storyboard */,
				4FE7BAA427C0AF650021C8CE /* CryptoTableViewCell.swift */,
				4FE7BB6A27C110EF0021C8CE /* CryptoTableViewCell.xib */,
			);
			path = View;
			sourceTree = "<group>";
		};
		4FE7BAA327C0AEF70021C8CE /* ViewModel */ = {
			isa = PBXGroup;
			children = (
				4FE7BAA927C0B0EE0021C8CE /* CryptoViewModel.swift */,
			);
			path = ViewModel;
			sourceTree = "<group>";
		};
		4FE7BAEA27C0F87A0021C8CE /* Network */ = {
			isa = PBXGroup;
			children = (
				4FE7BAEB27C0F8A60021C8CE /* APIEndpoints.swift */,
			);
			path = Network;
			sourceTree = "<group>";
		};
		4FE7BB7727C132FA0021C8CE /* Application */ = {
			isa = PBXGroup;
			children = (
				4FE7BA5A27C0954C0021C8CE /* LaunchScreen.storyboard */,
				4FE7BA4F27C095430021C8CE /* AppDelegate.swift */,
				4FE7BB7827C1337B0021C8CE /* MainFlowCoordinator.swift */,
				4FE7BB8027C1353D0021C8CE /* Module.swift */,
				4FE7BBA327C166D00021C8CE /* DIContainer.swift */,
			);
			path = Application;
			sourceTree = "<group>";
		};
		4FE7BB8527C14EF90021C8CE /* Infrastructure */ = {
			isa = PBXGroup;
			children = (
				4FE7BB8627C14F150021C8CE /* Network */,
			);
			path = Infrastructure;
			sourceTree = "<group>";
		};
		4FE7BB8627C14F150021C8CE /* Network */ = {
			isa = PBXGroup;
			children = (
				4FE7BB8C27C15D710021C8CE /* NetworkConfig.swift */,
				4FE7BB9427C15EC10021C8CE /* NetworkService.swift */,
				4FE7BBEE27C274450021C8CE /* DefaultDataTransferService.swift */,
			);
			path = Network;
			sourceTree = "<group>";
		};
		4FE7BB8727C14F500021C8CE /* Data */ = {
			isa = PBXGroup;
			children = (
				4FE7BAEA27C0F87A0021C8CE /* Network */,
				4FE7BB8827C14F6C0021C8CE /* Repository */,
			);
			path = Data;
			sourceTree = "<group>";
		};
		4FE7BB8827C14F6C0021C8CE /* Repository */ = {
			isa = PBXGroup;
			children = (
				4FE7BAD727C0E83C0021C8CE /* DefaultMarketRepository.swift */,
			);
			path = Repository;
			sourceTree = "<group>";
		};
		4FE7BB8A27C14F9B0021C8CE /* Usecase */ = {
			isa = PBXGroup;
			children = (
				4FE7BBAD27C16E910021C8CE /* MareketUsecase.swift */,
			);
			path = Usecase;
			sourceTree = "<group>";
		};
		4FE7BB8B27C14FBD0021C8CE /* Presentation */ = {
			isa = PBXGroup;
			children = (
				4FE7BAA227C0AEEA0021C8CE /* View */,
				4FE7BAA327C0AEF70021C8CE /* ViewModel */,
			);
			path = Presentation;
			sourceTree = "<group>";
		};
		4FE7BBA827C16DE40021C8CE /* Interface */ = {
			isa = PBXGroup;
			children = (
				4FE7BBA927C16E000021C8CE /* Repository */,
			);
			path = Interface;
			sourceTree = "<group>";
		};
		4FE7BBA927C16E000021C8CE /* Repository */ = {
			isa = PBXGroup;
			children = (
				4FE7BBB227C16ECA0021C8CE /* MarketRepository.swift */,
			);
			path = Repository;
			sourceTree = "<group>";
		};
		4FE7BBC027C17E670021C8CE /* Common */ = {
			isa = PBXGroup;
			children = (
				4FE7BB6F27C12A320021C8CE /* Constant.swift */,
				4FE7BBC127C17E8A0021C8CE /* String+Extenstion.swift */,
				4FE7BBE827C2687C0021C8CE /* UIViewController+Extension.swift */,
			);
			path = Common;
			sourceTree = "<group>";
		};
		4FE7BBED27C273EC0021C8CE /* Networking */ = {
			isa = PBXGroup;
			children = (
				4FE7BB9927C15FA00021C8CE /* DataTransferService.swift */,
				4FE7BB9E27C160170021C8CE /* Endpoint.swift */,
			);
			path = Networking;
			sourceTree = "<group>";
		};
/* End PBXGroup section */

/* Begin PBXNativeTarget section */
		4FE7BA4B27C095430021C8CE /* CryptoApp */ = {
			isa = PBXNativeTarget;
			buildConfigurationList = 4FE7BA7627C0954D0021C8CE /* Build configuration list for PBXNativeTarget "CryptoApp" */;
			buildPhases = (
				4FE7BA4827C095430021C8CE /* Sources */,
				4FE7BA4927C095430021C8CE /* Frameworks */,
				4FE7BA4A27C095430021C8CE /* Resources */,
			);
			buildRules = (
			);
			dependencies = (
			);
			name = CryptoApp;
			productName = CryptoApp;
			productReference = 4FE7BA4C27C095430021C8CE /* CryptoApp.app */;
			productType = "com.apple.product-type.application";
		};
		4FE7BA6127C0954D0021C8CE /* CryptoAppTests */ = {
			isa = PBXNativeTarget;
			buildConfigurationList = 4FE7BA7927C0954D0021C8CE /* Build configuration list for PBXNativeTarget "CryptoAppTests" */;
			buildPhases = (
				4FE7BA5E27C0954D0021C8CE /* Sources */,
				4FE7BA5F27C0954D0021C8CE /* Frameworks */,
				4FE7BA6027C0954D0021C8CE /* Resources */,
			);
			buildRules = (
			);
			dependencies = (
				4FE7BA6427C0954D0021C8CE /* PBXTargetDependency */,
			);
			name = CryptoAppTests;
			productName = CryptoAppTests;
			productReference = 4FE7BA6227C0954D0021C8CE /* CryptoAppTests.xctest */;
			productType = "com.apple.product-type.bundle.unit-test";
		};
		4FE7BA6C27C0954D0021C8CE /* CryptoAppUITests */ = {
			isa = PBXNativeTarget;
			buildConfigurationList = 4FE7BA7C27C0954D0021C8CE /* Build configuration list for PBXNativeTarget "CryptoAppUITests" */;
			buildPhases = (
				4FE7BA6927C0954D0021C8CE /* Sources */,
				4FE7BA6A27C0954D0021C8CE /* Frameworks */,
				4FE7BA6B27C0954D0021C8CE /* Resources */,
			);
			buildRules = (
			);
			dependencies = (
				4FE7BA6F27C0954D0021C8CE /* PBXTargetDependency */,
			);
			name = CryptoAppUITests;
			productName = CryptoAppUITests;
			productReference = 4FE7BA6D27C0954D0021C8CE /* CryptoAppUITests.xctest */;
			productType = "com.apple.product-type.bundle.ui-testing";
		};
/* End PBXNativeTarget section */

/* Begin PBXProject section */
		4FE7BA4427C095430021C8CE /* Project object */ = {
			isa = PBXProject;
			attributes = {
				LastSwiftUpdateCheck = 1210;
				LastUpgradeCheck = 1210;
				TargetAttributes = {
					4FE7BA4B27C095430021C8CE = {
						CreatedOnToolsVersion = 12.1;
					};
					4FE7BA6127C0954D0021C8CE = {
						CreatedOnToolsVersion = 12.1;
						TestTargetID = 4FE7BA4B27C095430021C8CE;
					};
					4FE7BA6C27C0954D0021C8CE = {
						CreatedOnToolsVersion = 12.1;
						TestTargetID = 4FE7BA4B27C095430021C8CE;
					};
				};
			};
			buildConfigurationList = 4FE7BA4727C095430021C8CE /* Build configuration list for PBXProject "CryptoApp" */;
			compatibilityVersion = "Xcode 9.3";
			developmentRegion = en;
			hasScannedForEncodings = 0;
			knownRegions = (
				en,
				Base,
			);
			mainGroup = 4FE7BA4327C095430021C8CE;
			productRefGroup = 4FE7BA4D27C095430021C8CE /* Products */;
			projectDirPath = "";
			projectRoot = "";
			targets = (
				4FE7BA4B27C095430021C8CE /* CryptoApp */,
				4FE7BA6127C0954D0021C8CE /* CryptoAppTests */,
				4FE7BA6C27C0954D0021C8CE /* CryptoAppUITests */,
			);
		};
/* End PBXProject section */

/* Begin PBXResourcesBuildPhase section */
		4FE7BA4A27C095430021C8CE /* Resources */ = {
			isa = PBXResourcesBuildPhase;
			buildActionMask = 2147483647;
			files = (
				4FE7BB3F27C10A5E0021C8CE /* CryptoTableViewCell.swift in Resources */,
				4FE7BA8F27C0A4090021C8CE /* HomeScreen.storyboard in Resources */,
				4FE7BA5C27C0954C0021C8CE /* LaunchScreen.storyboard in Resources */,
				4FE7BB6B27C110EF0021C8CE /* CryptoTableViewCell.xib in Resources */,
				4FE7BA5927C0954C0021C8CE /* Assets.xcassets in Resources */,
			);
			runOnlyForDeploymentPostprocessing = 0;
		};
		4FE7BA6027C0954D0021C8CE /* Resources */ = {
			isa = PBXResourcesBuildPhase;
			buildActionMask = 2147483647;
			files = (
			);
			runOnlyForDeploymentPostprocessing = 0;
		};
		4FE7BA6B27C0954D0021C8CE /* Resources */ = {
			isa = PBXResourcesBuildPhase;
			buildActionMask = 2147483647;
			files = (
			);
			runOnlyForDeploymentPostprocessing = 0;
		};
/* End PBXResourcesBuildPhase section */

/* Begin PBXSourcesBuildPhase section */
		4FE7BA4827C095430021C8CE /* Sources */ = {
			isa = PBXSourcesBuildPhase;
			buildActionMask = 2147483647;
			files = (
				4FE7BBEF27C274450021C8CE /* DefaultDataTransferService.swift in Sources */,
				4FE7BBAE27C16E910021C8CE /* MareketUsecase.swift in Sources */,
				4FE7BB9A27C15FA00021C8CE /* DataTransferService.swift in Sources */,
				4FE7BAD827C0E83C0021C8CE /* DefaultMarketRepository.swift in Sources */,
				4FE7BAA527C0AF650021C8CE /* CryptoTableViewCell.swift in Sources */,
				4FE7BB8D27C15D710021C8CE /* NetworkConfig.swift in Sources */,
				4FE7BB9F27C160170021C8CE /* Endpoint.swift in Sources */,
				4FE7BB7027C12A320021C8CE /* Constant.swift in Sources */,
				4FE7BB7927C1337B0021C8CE /* MainFlowCoordinator.swift in Sources */,
				4FE7BBE927C2687C0021C8CE /* UIViewController+Extension.swift in Sources */,
				4FE7BAEC27C0F8A60021C8CE /* APIEndpoints.swift in Sources */,
				4FE7BA5027C095430021C8CE /* AppDelegate.swift in Sources */,
				4FE7BA9B27C0A7D20021C8CE /* MarketDataModel.swift in Sources */,
				4FE7BA9427C0A4830021C8CE /* HomeViewController.swift in Sources */,
				4FE7BBA427C166D00021C8CE /* DIContainer.swift in Sources */,
				4FE7BB8127C1353D0021C8CE /* Module.swift in Sources */,
				4FE7BBB327C16ECA0021C8CE /* MarketRepository.swift in Sources */,
				4FE7BB9527C15EC10021C8CE /* NetworkService.swift in Sources */,
				4FE7BAAA27C0B0EE0021C8CE /* CryptoViewModel.swift in Sources */,
				4FE7BBC227C17E8A0021C8CE /* String+Extenstion.swift in Sources */,
			);
			runOnlyForDeploymentPostprocessing = 0;
		};
		4FE7BA5E27C0954D0021C8CE /* Sources */ = {
			isa = PBXSourcesBuildPhase;
			buildActionMask = 2147483647;
			files = (
				4FE7BBDB27C258FB0021C8CE /* CryptoViewModelTests.swift in Sources */,
				4FE7BBD127C24E9F0021C8CE /* MarketRepositoryTests.swift in Sources */,
				4FE7BBCC27C24A700021C8CE /* MockDataTransferService.swift in Sources */,
				4FE7BBD627C257ED0021C8CE /* MarketUsecaseTests.swift in Sources */,
			);
			runOnlyForDeploymentPostprocessing = 0;
		};
		4FE7BA6927C0954D0021C8CE /* Sources */ = {
			isa = PBXSourcesBuildPhase;
			buildActionMask = 2147483647;
			files = (
				4FE7BA7227C0954D0021C8CE /* CryptoAppUITests.swift in Sources */,
			);
			runOnlyForDeploymentPostprocessing = 0;
		};
/* End PBXSourcesBuildPhase section */

/* Begin PBXTargetDependency section */
		4FE7BA6427C0954D0021C8CE /* PBXTargetDependency */ = {
			isa = PBXTargetDependency;
			target = 4FE7BA4B27C095430021C8CE /* CryptoApp */;
			targetProxy = 4FE7BA6327C0954D0021C8CE /* PBXContainerItemProxy */;
		};
		4FE7BA6F27C0954D0021C8CE /* PBXTargetDependency */ = {
			isa = PBXTargetDependency;
			target = 4FE7BA4B27C095430021C8CE /* CryptoApp */;
			targetProxy = 4FE7BA6E27C0954D0021C8CE /* PBXContainerItemProxy */;
		};
/* End PBXTargetDependency section */

/* Begin PBXVariantGroup section */
		4FE7BA5A27C0954C0021C8CE /* LaunchScreen.storyboard */ = {
			isa = PBXVariantGroup;
			children = (
				4FE7BA5B27C0954C0021C8CE /* Base */,
			);
			name = LaunchScreen.storyboard;
			sourceTree = "<group>";
		};
/* End PBXVariantGroup section */

/* Begin XCBuildConfiguration section */
		4FE7BA7427C0954D0021C8CE /* Debug */ = {
			isa = XCBuildConfiguration;
			buildSettings = {
				ALWAYS_SEARCH_USER_PATHS = NO;
				CLANG_ANALYZER_NONNULL = YES;
				CLANG_ANALYZER_NUMBER_OBJECT_CONVERSION = YES_AGGRESSIVE;
				CLANG_CXX_LANGUAGE_STANDARD = "gnu++14";
				CLANG_CXX_LIBRARY = "libc++";
				CLANG_ENABLE_MODULES = YES;
				CLANG_ENABLE_OBJC_ARC = YES;
				CLANG_ENABLE_OBJC_WEAK = YES;
				CLANG_WARN_BLOCK_CAPTURE_AUTORELEASING = YES;
				CLANG_WARN_BOOL_CONVERSION = YES;
				CLANG_WARN_COMMA = YES;
				CLANG_WARN_CONSTANT_CONVERSION = YES;
				CLANG_WARN_DEPRECATED_OBJC_IMPLEMENTATIONS = YES;
				CLANG_WARN_DIRECT_OBJC_ISA_USAGE = YES_ERROR;
				CLANG_WARN_DOCUMENTATION_COMMENTS = YES;
				CLANG_WARN_EMPTY_BODY = YES;
				CLANG_WARN_ENUM_CONVERSION = YES;
				CLANG_WARN_INFINITE_RECURSION = YES;
				CLANG_WARN_INT_CONVERSION = YES;
				CLANG_WARN_NON_LITERAL_NULL_CONVERSION = YES;
				CLANG_WARN_OBJC_IMPLICIT_RETAIN_SELF = YES;
				CLANG_WARN_OBJC_LITERAL_CONVERSION = YES;
				CLANG_WARN_OBJC_ROOT_CLASS = YES_ERROR;
				CLANG_WARN_QUOTED_INCLUDE_IN_FRAMEWORK_HEADER = YES;
				CLANG_WARN_RANGE_LOOP_ANALYSIS = YES;
				CLANG_WARN_STRICT_PROTOTYPES = YES;
				CLANG_WARN_SUSPICIOUS_MOVE = YES;
				CLANG_WARN_UNGUARDED_AVAILABILITY = YES_AGGRESSIVE;
				CLANG_WARN_UNREACHABLE_CODE = YES;
				CLANG_WARN__DUPLICATE_METHOD_MATCH = YES;
				COPY_PHASE_STRIP = NO;
				DEBUG_INFORMATION_FORMAT = dwarf;
				ENABLE_STRICT_OBJC_MSGSEND = YES;
				ENABLE_TESTABILITY = YES;
				GCC_C_LANGUAGE_STANDARD = gnu11;
				GCC_DYNAMIC_NO_PIC = NO;
				GCC_NO_COMMON_BLOCKS = YES;
				GCC_OPTIMIZATION_LEVEL = 0;
				GCC_PREPROCESSOR_DEFINITIONS = (
					"DEBUG=1",
					"$(inherited)",
				);
				GCC_WARN_64_TO_32_BIT_CONVERSION = YES;
				GCC_WARN_ABOUT_RETURN_TYPE = YES_ERROR;
				GCC_WARN_UNDECLARED_SELECTOR = YES;
				GCC_WARN_UNINITIALIZED_AUTOS = YES_AGGRESSIVE;
				GCC_WARN_UNUSED_FUNCTION = YES;
				GCC_WARN_UNUSED_VARIABLE = YES;
				IPHONEOS_DEPLOYMENT_TARGET = 14.1;
				MTL_ENABLE_DEBUG_INFO = INCLUDE_SOURCE;
				MTL_FAST_MATH = YES;
				ONLY_ACTIVE_ARCH = YES;
				SDKROOT = iphoneos;
				SWIFT_ACTIVE_COMPILATION_CONDITIONS = DEBUG;
				SWIFT_OPTIMIZATION_LEVEL = "-Onone";
			};
			name = Debug;
		};
		4FE7BA7527C0954D0021C8CE /* Release */ = {
			isa = XCBuildConfiguration;
			buildSettings = {
				ALWAYS_SEARCH_USER_PATHS = NO;
				CLANG_ANALYZER_NONNULL = YES;
				CLANG_ANALYZER_NUMBER_OBJECT_CONVERSION = YES_AGGRESSIVE;
				CLANG_CXX_LANGUAGE_STANDARD = "gnu++14";
				CLANG_CXX_LIBRARY = "libc++";
				CLANG_ENABLE_MODULES = YES;
				CLANG_ENABLE_OBJC_ARC = YES;
				CLANG_ENABLE_OBJC_WEAK = YES;
				CLANG_WARN_BLOCK_CAPTURE_AUTORELEASING = YES;
				CLANG_WARN_BOOL_CONVERSION = YES;
				CLANG_WARN_COMMA = YES;
				CLANG_WARN_CONSTANT_CONVERSION = YES;
				CLANG_WARN_DEPRECATED_OBJC_IMPLEMENTATIONS = YES;
				CLANG_WARN_DIRECT_OBJC_ISA_USAGE = YES_ERROR;
				CLANG_WARN_DOCUMENTATION_COMMENTS = YES;
				CLANG_WARN_EMPTY_BODY = YES;
				CLANG_WARN_ENUM_CONVERSION = YES;
				CLANG_WARN_INFINITE_RECURSION = YES;
				CLANG_WARN_INT_CONVERSION = YES;
				CLANG_WARN_NON_LITERAL_NULL_CONVERSION = YES;
				CLANG_WARN_OBJC_IMPLICIT_RETAIN_SELF = YES;
				CLANG_WARN_OBJC_LITERAL_CONVERSION = YES;
				CLANG_WARN_OBJC_ROOT_CLASS = YES_ERROR;
				CLANG_WARN_QUOTED_INCLUDE_IN_FRAMEWORK_HEADER = YES;
				CLANG_WARN_RANGE_LOOP_ANALYSIS = YES;
				CLANG_WARN_STRICT_PROTOTYPES = YES;
				CLANG_WARN_SUSPICIOUS_MOVE = YES;
				CLANG_WARN_UNGUARDED_AVAILABILITY = YES_AGGRESSIVE;
				CLANG_WARN_UNREACHABLE_CODE = YES;
				CLANG_WARN__DUPLICATE_METHOD_MATCH = YES;
				COPY_PHASE_STRIP = NO;
				DEBUG_INFORMATION_FORMAT = "dwarf-with-dsym";
				ENABLE_NS_ASSERTIONS = NO;
				ENABLE_STRICT_OBJC_MSGSEND = YES;
				GCC_C_LANGUAGE_STANDARD = gnu11;
				GCC_NO_COMMON_BLOCKS = YES;
				GCC_WARN_64_TO_32_BIT_CONVERSION = YES;
				GCC_WARN_ABOUT_RETURN_TYPE = YES_ERROR;
				GCC_WARN_UNDECLARED_SELECTOR = YES;
				GCC_WARN_UNINITIALIZED_AUTOS = YES_AGGRESSIVE;
				GCC_WARN_UNUSED_FUNCTION = YES;
				GCC_WARN_UNUSED_VARIABLE = YES;
				IPHONEOS_DEPLOYMENT_TARGET = 14.1;
				MTL_ENABLE_DEBUG_INFO = NO;
				MTL_FAST_MATH = YES;
				SDKROOT = iphoneos;
				SWIFT_COMPILATION_MODE = wholemodule;
				SWIFT_OPTIMIZATION_LEVEL = "-O";
				VALIDATE_PRODUCT = YES;
			};
			name = Release;
		};
		4FE7BA7727C0954D0021C8CE /* Debug */ = {
			isa = XCBuildConfiguration;
			buildSettings = {
				ASSETCATALOG_COMPILER_APPICON_NAME = AppIcon;
				ASSETCATALOG_COMPILER_GLOBAL_ACCENT_COLOR_NAME = AccentColor;
				CODE_SIGN_STYLE = Automatic;
				INFOPLIST_FILE = CryptoApp/Info.plist;
				LD_RUNPATH_SEARCH_PATHS = (
					"$(inherited)",
					"@executable_path/Frameworks",
				);
				PRODUCT_BUNDLE_IDENTIFIER = com.brajesh.kumar.CryptoApp;
				PRODUCT_NAME = "$(TARGET_NAME)";
				SWIFT_VERSION = 5.0;
				TARGETED_DEVICE_FAMILY = "1,2";
			};
			name = Debug;
		};
		4FE7BA7827C0954D0021C8CE /* Release */ = {
			isa = XCBuildConfiguration;
			buildSettings = {
				ASSETCATALOG_COMPILER_APPICON_NAME = AppIcon;
				ASSETCATALOG_COMPILER_GLOBAL_ACCENT_COLOR_NAME = AccentColor;
				CODE_SIGN_STYLE = Automatic;
				INFOPLIST_FILE = CryptoApp/Info.plist;
				LD_RUNPATH_SEARCH_PATHS = (
					"$(inherited)",
					"@executable_path/Frameworks",
				);
				PRODUCT_BUNDLE_IDENTIFIER = com.brajesh.kumar.CryptoApp;
				PRODUCT_NAME = "$(TARGET_NAME)";
				SWIFT_VERSION = 5.0;
				TARGETED_DEVICE_FAMILY = "1,2";
			};
			name = Release;
		};
		4FE7BA7A27C0954D0021C8CE /* Debug */ = {
			isa = XCBuildConfiguration;
			buildSettings = {
				ALWAYS_EMBED_SWIFT_STANDARD_LIBRARIES = YES;
				BUNDLE_LOADER = "$(TEST_HOST)";
				CODE_SIGN_STYLE = Automatic;
				INFOPLIST_FILE = CryptoAppTests/Info.plist;
				IPHONEOS_DEPLOYMENT_TARGET = 14.1;
				LD_RUNPATH_SEARCH_PATHS = (
					"$(inherited)",
					"@executable_path/Frameworks",
					"@loader_path/Frameworks",
				);
				PRODUCT_BUNDLE_IDENTIFIER = com.brajesh.kumar.CryptoAppTests;
				PRODUCT_NAME = "$(TARGET_NAME)";
				SWIFT_VERSION = 5.0;
				TARGETED_DEVICE_FAMILY = "1,2";
				TEST_HOST = "$(BUILT_PRODUCTS_DIR)/CryptoApp.app/CryptoApp";
			};
			name = Debug;
		};
		4FE7BA7B27C0954D0021C8CE /* Release */ = {
			isa = XCBuildConfiguration;
			buildSettings = {
				ALWAYS_EMBED_SWIFT_STANDARD_LIBRARIES = YES;
				BUNDLE_LOADER = "$(TEST_HOST)";
				CODE_SIGN_STYLE = Automatic;
				INFOPLIST_FILE = CryptoAppTests/Info.plist;
				IPHONEOS_DEPLOYMENT_TARGET = 14.1;
				LD_RUNPATH_SEARCH_PATHS = (
					"$(inherited)",
					"@executable_path/Frameworks",
					"@loader_path/Frameworks",
				);
				PRODUCT_BUNDLE_IDENTIFIER = com.brajesh.kumar.CryptoAppTests;
				PRODUCT_NAME = "$(TARGET_NAME)";
				SWIFT_VERSION = 5.0;
				TARGETED_DEVICE_FAMILY = "1,2";
				TEST_HOST = "$(BUILT_PRODUCTS_DIR)/CryptoApp.app/CryptoApp";
			};
			name = Release;
		};
		4FE7BA7D27C0954D0021C8CE /* Debug */ = {
			isa = XCBuildConfiguration;
			buildSettings = {
				ALWAYS_EMBED_SWIFT_STANDARD_LIBRARIES = YES;
				CODE_SIGN_STYLE = Automatic;
				INFOPLIST_FILE = CryptoAppUITests/Info.plist;
				LD_RUNPATH_SEARCH_PATHS = (
					"$(inherited)",
					"@executable_path/Frameworks",
					"@loader_path/Frameworks",
				);
				PRODUCT_BUNDLE_IDENTIFIER = com.brajesh.kumar.CryptoAppUITests;
				PRODUCT_NAME = "$(TARGET_NAME)";
				SWIFT_VERSION = 5.0;
				TARGETED_DEVICE_FAMILY = "1,2";
				TEST_TARGET_NAME = CryptoApp;
			};
			name = Debug;
		};
		4FE7BA7E27C0954D0021C8CE /* Release */ = {
			isa = XCBuildConfiguration;
			buildSettings = {
				ALWAYS_EMBED_SWIFT_STANDARD_LIBRARIES = YES;
				CODE_SIGN_STYLE = Automatic;
				INFOPLIST_FILE = CryptoAppUITests/Info.plist;
				LD_RUNPATH_SEARCH_PATHS = (
					"$(inherited)",
					"@executable_path/Frameworks",
					"@loader_path/Frameworks",
				);
				PRODUCT_BUNDLE_IDENTIFIER = com.brajesh.kumar.CryptoAppUITests;
				PRODUCT_NAME = "$(TARGET_NAME)";
				SWIFT_VERSION = 5.0;
				TARGETED_DEVICE_FAMILY = "1,2";
				TEST_TARGET_NAME = CryptoApp;
			};
			name = Release;
		};
/* End XCBuildConfiguration section */

/* Begin XCConfigurationList section */
		4FE7BA4727C095430021C8CE /* Build configuration list for PBXProject "CryptoApp" */ = {
			isa = XCConfigurationList;
			buildConfigurations = (
				4FE7BA7427C0954D0021C8CE /* Debug */,
				4FE7BA7527C0954D0021C8CE /* Release */,
			);
			defaultConfigurationIsVisible = 0;
			defaultConfigurationName = Release;
		};
		4FE7BA7627C0954D0021C8CE /* Build configuration list for PBXNativeTarget "CryptoApp" */ = {
			isa = XCConfigurationList;
			buildConfigurations = (
				4FE7BA7727C0954D0021C8CE /* Debug */,
				4FE7BA7827C0954D0021C8CE /* Release */,
			);
			defaultConfigurationIsVisible = 0;
			defaultConfigurationName = Release;
		};
		4FE7BA7927C0954D0021C8CE /* Build configuration list for PBXNativeTarget "CryptoAppTests" */ = {
			isa = XCConfigurationList;
			buildConfigurations = (
				4FE7BA7A27C0954D0021C8CE /* Debug */,
				4FE7BA7B27C0954D0021C8CE /* Release */,
			);
			defaultConfigurationIsVisible = 0;
			defaultConfigurationName = Release;
		};
		4FE7BA7C27C0954D0021C8CE /* Build configuration list for PBXNativeTarget "CryptoAppUITests" */ = {
			isa = XCConfigurationList;
			buildConfigurations = (
				4FE7BA7D27C0954D0021C8CE /* Debug */,
				4FE7BA7E27C0954D0021C8CE /* Release */,
			);
			defaultConfigurationIsVisible = 0;
			defaultConfigurationName = Release;
		};
/* End XCConfigurationList section */
	};
	rootObject = 4FE7BA4427C095430021C8CE /* Project object */;
}
